
Microsoft Visual Studio Solution File, Format Version 10.00
# Visual Studio 2008
Project("{8BC9CEB8-8B4A-11D0-8D11-00A0C91BC942}") = "Graph cut", "Graph cut\Graph cut.vcproj", "{5949283B-2CA3-4B3B-9FE2-3BF3CB19FDBE}"
EndProject
Global
	GlobalSection(SolutionConfigurationPlatforms) = preSolution
		Debug|Win32 = Debug|Win32
		Release|Win32 = Release|Win32
	EndGlobalSection
	GlobalSection(ProjectConfigurationPlatforms) = postSolution
		{5949283B-2CA3-4B3B-9FE2-3BF3CB19FDBE}.Debug|Win32.ActiveCfg = Debug|Win32
		{5949283B-2CA3-4B3B-9FE2-3BF3CB19FDBE}.Debug|Win32.Build.0 = Debug|Win32
		{5949283B-2CA3-4B3B-9FE2-3BF3CB19FDBE}.Release|Win32.ActiveCfg = Release|Win32
		{5949283B-2CA3-4B3B-9FE2-3BF3CB19FDBE}.Release|Win32.Build.0 = Release|Win32
	EndGlobalSection
	GlobalSection(SolutionProperties) = preSolution
		HideSolutionNode = FALSE
	EndGlobalSection
EndGlobal
